{
  "object": {
    "pins": [
      {
        "package": "RESTClient",
        "repositoryURL": "https://github.com/EmilioPelaez/RESTClient",
        "state": {
          "branch": null,
          "revision": "36d6cbe4bc0a780ae472ccc793612fac642ff6fb",
          "version": "0.9.2"
        }
      }
    ]
  },
  "version": 1
}
