{
  "object": {
    "pins": [
      {
        "package": "RESTClient",
        "repositoryURL": "https://github.com/EmilioPelaez/RESTClient",
        "state": {
          "branch": null,
          "revision": "375486e5a2fb492308eec257ea1dcd8e3d630661",
          "version": "0.9.1"
        }
      }
    ]
  },
  "version": 1
}
