{
  "object": {
    "pins": [
      {
        "package": "RESTClient",
        "repositoryURL": "https://github.com/EmilioPelaez/RESTClient",
        "state": {
          "branch": null,
          "revision": "83a53919843844b027d6db0db1aa31eef503e13f",
          "version": "0.9.0"
        }
      }
    ]
  },
  "version": 1
}
